
Microsoft Visual Studio Solution File, Format Version 12.00
# Visual Studio Version 17
VisualStudioVersion = 17.9.34607.119
MinimumVisualStudioVersion = 10.0.40219.1
Project("{2150E333-8FDC-42A3-9474-1A3956D46DE8}") = "src", "src", "{0124876D-47FF-4083-9914-0BA98E27AEE4}"
EndProject
Project("{2150E333-8FDC-42A3-9474-1A3956D46DE8}") = "Builder Blocks", "Builder Blocks", "{1A127D05-E16C-4403-AEFC-3868C19D7176}"
EndProject
Project("{2150E333-8FDC-42A3-9474-1A3956D46DE8}") = "Services", "Services", "{028190A9-9F85-44B6-ACE5-A01867BCEF07}"
EndProject
Project("{2150E333-8FDC-42A3-9474-1A3956D46DE8}") = "Web", "Web", "{751A5236-7D0E-4946-8F8C-473115EDC079}"
EndProject
Project("{2150E333-8FDC-42A3-9474-1A3956D46DE8}") = "Identidade", "Identidade", "{39A40AA3-F896-410E-A33C-413978C3B1AD}"
EndProject
Project("{9A19103F-16F7-4668-BE54-9A1E7A4F7556}") = "Identidade.API", "src\Services\Identidade\Identidade.API\Identidade.API.csproj", "{210747E2-7265-4099-A5E0-C0343AEFE815}"
EndProject
Project("{2150E333-8FDC-42A3-9474-1A3956D46DE8}") = "Identidade.Domain", "Identidade.Domain", "{D90C0956-71A8-47F1-85D9-0E3FD9633611}"
EndProject
Project("{2150E333-8FDC-42A3-9474-1A3956D46DE8}") = "Identidade.Infra", "Identidade.Infra", "{93BD52CC-7000-45D1-BFEB-C948D1B1688B}"
EndProject
Project("{9A19103F-16F7-4668-BE54-9A1E7A4F7556}") = "Identidade.Domain", "src\Services\Identidade\Identidade.Domain\Identidade.Domain.csproj", "{8327AEB7-F231-460B-AD52-BD0ED4742343}"
EndProject
Project("{9A19103F-16F7-4668-BE54-9A1E7A4F7556}") = "Identidade.Infra", "src\Services\Identidade\Identidade.Infra\Identidade.Infra.csproj", "{556626B7-CB50-4B32-A7EB-3E620A8A73BF}"
EndProject
Project("{2150E333-8FDC-42A3-9474-1A3956D46DE8}") = "Core", "Core", "{741C71CB-D8EC-4355-888C-ECD97CEB1325}"
EndProject
Project("{2150E333-8FDC-42A3-9474-1A3956D46DE8}") = "Serviços", "Serviços", "{38B69A65-0F6D-4EF5-A462-70D678588840}"
EndProject
Project("{9A19103F-16F7-4668-BE54-9A1E7A4F7556}") = "CGEODP.Core", "src\Building Blocks\CGEODP.Core\CGEODP.Core.csproj", "{539C6ED7-8427-4A62-9E47-539E1D37D8A9}"
EndProject
Project("{9A19103F-16F7-4668-BE54-9A1E7A4F7556}") = "CGEODP.WebApi.Core", "src\Building Blocks\CGEODP.WebApi.Core\CGEODP.WebApi.Core.csproj", "{1E9FE927-AFD4-46E1-B152-9474B580C762}"
EndProject
Project("{9A19103F-16F7-4668-BE54-9A1E7A4F7556}") = "ODP.Web.UI", "src\Web\ODP.Web.UI\ODP.Web.UI.csproj", "{D2977090-48D4-49CD-B6A1-94057063A939}"
EndProject
Project("{2150E333-8FDC-42A3-9474-1A3956D46DE8}") = "Corregedoria", "Corregedoria", "{AC62D30B-E3CA-4D70-8D8E-603921C236E5}"
EndProject
Project("{2150E333-8FDC-42A3-9474-1A3956D46DE8}") = "Corregedoria.Domain", "Corregedoria.Domain", "{A3750EF8-7388-459A-9FCC-BBEF8D4D4A42}"
EndProject
Project("{2150E333-8FDC-42A3-9474-1A3956D46DE8}") = "Corregedoria.Infra", "Corregedoria.Infra", "{F1F718ED-3129-455A-AA10-1549068EAB73}"
EndProject
Project("{2150E333-8FDC-42A3-9474-1A3956D46DE8}") = "API", "API", "{6C8A657A-8A8C-4B3D-8096-DC1BF7A691E6}"
EndProject
Project("{FAE04EC0-301F-11D3-BF4B-00C04F79EFBC}") = "Corregedoria.Domain", "src\Services\Corregedoria\Corregedoria.Domain\Corregedoria.Domain.csproj", "{B9F4C1E7-2202-4BBB-8774-7041889FE750}"
EndProject
Project("{FAE04EC0-301F-11D3-BF4B-00C04F79EFBC}") = "Corregedoria.Infra", "src\Services\Corregedoria\Corregedoria.Infra\Corregedoria.Infra.csproj", "{28351096-2C92-496F-8E26-4D430710C878}"
EndProject
Project("{FAE04EC0-301F-11D3-BF4B-00C04F79EFBC}") = "Corregedoria.API", "src\Services\Corregedoria\Corregedoria.API\Corregedoria.API.csproj", "{5514EF47-FBB2-4AEA-A00B-6CFDA57F30F3}"
EndProject
Global
	GlobalSection(SolutionConfigurationPlatforms) = preSolution
		Debug|Any CPU = Debug|Any CPU
		Release|Any CPU = Release|Any CPU
	EndGlobalSection
	GlobalSection(ProjectConfigurationPlatforms) = postSolution
		{210747E2-7265-4099-A5E0-C0343AEFE815}.Debug|Any CPU.ActiveCfg = Debug|Any CPU
		{210747E2-7265-4099-A5E0-C0343AEFE815}.Debug|Any CPU.Build.0 = Debug|Any CPU
		{210747E2-7265-4099-A5E0-C0343AEFE815}.Release|Any CPU.ActiveCfg = Release|Any CPU
		{210747E2-7265-4099-A5E0-C0343AEFE815}.Release|Any CPU.Build.0 = Release|Any CPU
		{8327AEB7-F231-460B-AD52-BD0ED4742343}.Debug|Any CPU.ActiveCfg = Debug|Any CPU
		{8327AEB7-F231-460B-AD52-BD0ED4742343}.Debug|Any CPU.Build.0 = Debug|Any CPU
		{8327AEB7-F231-460B-AD52-BD0ED4742343}.Release|Any CPU.ActiveCfg = Release|Any CPU
		{8327AEB7-F231-460B-AD52-BD0ED4742343}.Release|Any CPU.Build.0 = Release|Any CPU
		{556626B7-CB50-4B32-A7EB-3E620A8A73BF}.Debug|Any CPU.ActiveCfg = Debug|Any CPU
		{556626B7-CB50-4B32-A7EB-3E620A8A73BF}.Debug|Any CPU.Build.0 = Debug|Any CPU
		{556626B7-CB50-4B32-A7EB-3E620A8A73BF}.Release|Any CPU.ActiveCfg = Release|Any CPU
		{556626B7-CB50-4B32-A7EB-3E620A8A73BF}.Release|Any CPU.Build.0 = Release|Any CPU
		{539C6ED7-8427-4A62-9E47-539E1D37D8A9}.Debug|Any CPU.ActiveCfg = Debug|Any CPU
		{539C6ED7-8427-4A62-9E47-539E1D37D8A9}.Debug|Any CPU.Build.0 = Debug|Any CPU
		{539C6ED7-8427-4A62-9E47-539E1D37D8A9}.Release|Any CPU.ActiveCfg = Release|Any CPU
		{539C6ED7-8427-4A62-9E47-539E1D37D8A9}.Release|Any CPU.Build.0 = Release|Any CPU
		{1E9FE927-AFD4-46E1-B152-9474B580C762}.Debug|Any CPU.ActiveCfg = Debug|Any CPU
		{1E9FE927-AFD4-46E1-B152-9474B580C762}.Debug|Any CPU.Build.0 = Debug|Any CPU
		{1E9FE927-AFD4-46E1-B152-9474B580C762}.Release|Any CPU.ActiveCfg = Release|Any CPU
		{1E9FE927-AFD4-46E1-B152-9474B580C762}.Release|Any CPU.Build.0 = Release|Any CPU
		{D2977090-48D4-49CD-B6A1-94057063A939}.Debug|Any CPU.ActiveCfg = Debug|Any CPU
		{D2977090-48D4-49CD-B6A1-94057063A939}.Debug|Any CPU.Build.0 = Debug|Any CPU
		{D2977090-48D4-49CD-B6A1-94057063A939}.Release|Any CPU.ActiveCfg = Release|Any CPU
		{D2977090-48D4-49CD-B6A1-94057063A939}.Release|Any CPU.Build.0 = Release|Any CPU
		{B9F4C1E7-2202-4BBB-8774-7041889FE750}.Debug|Any CPU.ActiveCfg = Debug|Any CPU
		{B9F4C1E7-2202-4BBB-8774-7041889FE750}.Debug|Any CPU.Build.0 = Debug|Any CPU
		{B9F4C1E7-2202-4BBB-8774-7041889FE750}.Release|Any CPU.ActiveCfg = Release|Any CPU
		{B9F4C1E7-2202-4BBB-8774-7041889FE750}.Release|Any CPU.Build.0 = Release|Any CPU
		{28351096-2C92-496F-8E26-4D430710C878}.Debug|Any CPU.ActiveCfg = Debug|Any CPU
		{28351096-2C92-496F-8E26-4D430710C878}.Debug|Any CPU.Build.0 = Debug|Any CPU
		{28351096-2C92-496F-8E26-4D430710C878}.Release|Any CPU.ActiveCfg = Release|Any CPU
		{28351096-2C92-496F-8E26-4D430710C878}.Release|Any CPU.Build.0 = Release|Any CPU
		{5514EF47-FBB2-4AEA-A00B-6CFDA57F30F3}.Debug|Any CPU.ActiveCfg = Debug|Any CPU
		{5514EF47-FBB2-4AEA-A00B-6CFDA57F30F3}.Debug|Any CPU.Build.0 = Debug|Any CPU
		{5514EF47-FBB2-4AEA-A00B-6CFDA57F30F3}.Release|Any CPU.ActiveCfg = Release|Any CPU
		{5514EF47-FBB2-4AEA-A00B-6CFDA57F30F3}.Release|Any CPU.Build.0 = Release|Any CPU
	EndGlobalSection
	GlobalSection(SolutionProperties) = preSolution
		HideSolutionNode = FALSE
	EndGlobalSection
	GlobalSection(NestedProjects) = preSolution
		{1A127D05-E16C-4403-AEFC-3868C19D7176} = {0124876D-47FF-4083-9914-0BA98E27AEE4}
		{028190A9-9F85-44B6-ACE5-A01867BCEF07} = {0124876D-47FF-4083-9914-0BA98E27AEE4}
		{751A5236-7D0E-4946-8F8C-473115EDC079} = {0124876D-47FF-4083-9914-0BA98E27AEE4}
		{39A40AA3-F896-410E-A33C-413978C3B1AD} = {028190A9-9F85-44B6-ACE5-A01867BCEF07}
		{210747E2-7265-4099-A5E0-C0343AEFE815} = {39A40AA3-F896-410E-A33C-413978C3B1AD}
		{D90C0956-71A8-47F1-85D9-0E3FD9633611} = {39A40AA3-F896-410E-A33C-413978C3B1AD}
		{93BD52CC-7000-45D1-BFEB-C948D1B1688B} = {39A40AA3-F896-410E-A33C-413978C3B1AD}
		{8327AEB7-F231-460B-AD52-BD0ED4742343} = {D90C0956-71A8-47F1-85D9-0E3FD9633611}
		{556626B7-CB50-4B32-A7EB-3E620A8A73BF} = {93BD52CC-7000-45D1-BFEB-C948D1B1688B}
		{741C71CB-D8EC-4355-888C-ECD97CEB1325} = {1A127D05-E16C-4403-AEFC-3868C19D7176}
		{38B69A65-0F6D-4EF5-A462-70D678588840} = {1A127D05-E16C-4403-AEFC-3868C19D7176}
		{539C6ED7-8427-4A62-9E47-539E1D37D8A9} = {741C71CB-D8EC-4355-888C-ECD97CEB1325}
		{1E9FE927-AFD4-46E1-B152-9474B580C762} = {38B69A65-0F6D-4EF5-A462-70D678588840}
		{D2977090-48D4-49CD-B6A1-94057063A939} = {751A5236-7D0E-4946-8F8C-473115EDC079}
		{AC62D30B-E3CA-4D70-8D8E-603921C236E5} = {028190A9-9F85-44B6-ACE5-A01867BCEF07}
		{A3750EF8-7388-459A-9FCC-BBEF8D4D4A42} = {AC62D30B-E3CA-4D70-8D8E-603921C236E5}
		{F1F718ED-3129-455A-AA10-1549068EAB73} = {AC62D30B-E3CA-4D70-8D8E-603921C236E5}
		{6C8A657A-8A8C-4B3D-8096-DC1BF7A691E6} = {AC62D30B-E3CA-4D70-8D8E-603921C236E5}
		{B9F4C1E7-2202-4BBB-8774-7041889FE750} = {A3750EF8-7388-459A-9FCC-BBEF8D4D4A42}
		{28351096-2C92-496F-8E26-4D430710C878} = {F1F718ED-3129-455A-AA10-1549068EAB73}
		{5514EF47-FBB2-4AEA-A00B-6CFDA57F30F3} = {6C8A657A-8A8C-4B3D-8096-DC1BF7A691E6}
	EndGlobalSection
	GlobalSection(ExtensibilityGlobals) = postSolution
		SolutionGuid = {2BDF86FE-F559-4475-9DD4-22D9044E5807}
	EndGlobalSection
EndGlobal
